{
  "name": "bridge-pca",
  "version": "0.1.6",
  "lockfileVersion": 2,
  "requires": true,
  "packages": {
    "": {
      "name": "bridge-pca",
      "version": "0.1.6",
      "license": "W3 License",
      "dependencies": {
        "colorparsley": "^0.1.6"
      }
    },
    "node_modules/colorparsley": {
      "version": "0.1.6",
      "resolved": "https://registry.npmjs.org/colorparsley/-/colorparsley-0.1.6.tgz",
      "integrity": "sha512-fiK4goizsGw+Ak/nV5JshYcb2lrJC+sTdg+MXQRja4SeCA+caWLWLodAbJJJVcnuyypNlpmjPH9ktuojlvbimQ=="
    }
  },
  "dependencies": {
    "colorparsley": {
      "version": "0.1.6",
      "resolved": "https://registry.npmjs.org/colorparsley/-/colorparsley-0.1.6.tgz",
      "integrity": "sha512-fiK4goizsGw+Ak/nV5JshYcb2lrJC+sTdg+MXQRja4SeCA+caWLWLodAbJJJVcnuyypNlpmjPH9ktuojlvbimQ=="
    }
  }
}
