{
  "name": "bridge-pca",
  "version": "0.1.5",
  "lockfileVersion": 2,
  "requires": true,
  "packages": {
    "": {
      "name": "bridge-pca",
      "version": "0.1.5",
      "license": "W3 License",
      "dependencies": {
        "colorparsley": "^0.1.1"
      }
    },
    "node_modules/colorparsley": {
      "version": "0.1.1",
      "license": "AGPL v3"
    }
  },
  "dependencies": {
    "colorparsley": {
      "version": "0.1.1"
    }
  }
}
